
Microsoft Visual Studio Solution File, Format Version 12.00
# Visual Studio 15
VisualStudioVersion = 15.0.28307.539
MinimumVisualStudioVersion = 10.0.40219.1
Project("{FAE04EC0-301F-11D3-BF4B-00C04F79EFBC}") = "DisconnectedMode.WinFormsApp_HW5", "DisconnectedMode.WinFormsApp_HW5\DisconnectedMode.WinFormsApp_HW5.csproj", "{09151B9F-5456-477C-A5EE-6D368EB7D4ED}"
EndProject
Project("{FAE04EC0-301F-11D3-BF4B-00C04F79EFBC}") = "DisconnectedMode.DataAccess", "DisconnectedMode.DataAccess\DisconnectedMode.DataAccess.csproj", "{6D8E0721-458B-4BFD-9265-8095EF2C9770}"
EndProject
Global
	GlobalSection(SolutionConfigurationPlatforms) = preSolution
		Debug|Any CPU = Debug|Any CPU
		Release|Any CPU = Release|Any CPU
	EndGlobalSection
	GlobalSection(ProjectConfigurationPlatforms) = postSolution
		{09151B9F-5456-477C-A5EE-6D368EB7D4ED}.Debug|Any CPU.ActiveCfg = Debug|Any CPU
		{09151B9F-5456-477C-A5EE-6D368EB7D4ED}.Debug|Any CPU.Build.0 = Debug|Any CPU
		{09151B9F-5456-477C-A5EE-6D368EB7D4ED}.Release|Any CPU.ActiveCfg = Release|Any CPU
		{09151B9F-5456-477C-A5EE-6D368EB7D4ED}.Release|Any CPU.Build.0 = Release|Any CPU
		{6D8E0721-458B-4BFD-9265-8095EF2C9770}.Debug|Any CPU.ActiveCfg = Debug|Any CPU
		{6D8E0721-458B-4BFD-9265-8095EF2C9770}.Debug|Any CPU.Build.0 = Debug|Any CPU
		{6D8E0721-458B-4BFD-9265-8095EF2C9770}.Release|Any CPU.ActiveCfg = Release|Any CPU
		{6D8E0721-458B-4BFD-9265-8095EF2C9770}.Release|Any CPU.Build.0 = Release|Any CPU
	EndGlobalSection
	GlobalSection(SolutionProperties) = preSolution
		HideSolutionNode = FALSE
	EndGlobalSection
	GlobalSection(ExtensibilityGlobals) = postSolution
		SolutionGuid = {021E9AD1-0055-4FA1-958A-88B68A5558EE}
	EndGlobalSection
EndGlobal
